<?xml version="1.0" encoding="UTF-8" standalone="yes" ?>
<CodeBlocks_project_file>
	<FileVersion major="1" minor="6" />
	<Project>
		<Option title="CSC" />
		<Option pch_mode="2" />
		<Option compiler="gcc" />
		<Build>
			<Target title="Win32">
				<Option output="bin/Win32/CSC" prefix_auto="1" extension_auto="1" />
				<Option object_output="obj/Win32/" />
				<Option type="3" />
				<Option compiler="gcc" />
				<Option createDefFile="1" />
				<Option createStaticLib="1" />
				<Compiler>
					<Add option="-m32" />
					<Add option="-DBUILD_DLL" />
					<Add option="-D_WIN32" />
					<Add option="-D_WINDOWS" />
				</Compiler>
				<Linker>
					<Add option="-m32" />
				</Linker>
			</Target>
			<Target title="Win64">
				<Option output="bin/Win64/CSC" prefix_auto="1" extension_auto="1" />
				<Option object_output="obj/Win64/" />
				<Option type="3" />
				<Option compiler="gcc" />
				<Option createDefFile="1" />
				<Option createStaticLib="1" />
				<Compiler>
					<Add option="-m64" />
					<Add option="-DBUILD_DLL" />
					<Add option="-D_WIN64" />
					<Add option="-D_WINDOWS" />
				</Compiler>
				<Linker>
					<Add option="-m64" />
				</Linker>
			</Target>
			<Target title="Linux32">
				<Option output="bin/Linux32/CSC" prefix_auto="1" extension_auto="1" />
				<Option object_output="obj/Linux32/" />
				<Option type="3" />
				<Option compiler="gcc" />
				<Option createDefFile="1" />
				<Option createStaticLib="1" />
				<Compiler>
					<Add option="-m32" />
					<Add option="-D_LINUX32" />
					<Add option="-D_LINUX" />
				</Compiler>
				<Linker>
					<Add option="-m32" />
				</Linker>
			</Target>
			<Target title="Linux64">
				<Option output="bin/Linux64/CSC" prefix_auto="1" extension_auto="1" />
				<Option object_output="obj/Linux64/" />
				<Option type="3" />
				<Option compiler="gcc" />
				<Option createDefFile="1" />
				<Option createStaticLib="1" />
				<Compiler>
					<Add option="-m64" />
					<Add option="-D_LINUX64" />
					<Add option="-D_LINUX" />
				</Compiler>
				<Linker>
					<Add option="-m64" />
				</Linker>
			</Target>
		</Build>
		<Compiler>
			<Add option="-Wextra" />
			<Add option="-Wall" />
			<Add option="-std=c99" />
			<Add directory="." />
			<Add directory="headers" />
			<Add directory="ipc-buffer" />
			<Add directory="lib" />
			<Add directory="shm" />
			<Add directory="socket" />
			<Add directory="spinlock" />
			<Add directory="threads" />
			<Add directory="tls" />
		</Compiler>
		<Unit filename="DLL-Main.c">
			<Option compilerVar="CC" />
		</Unit>
		<Unit filename="headers/CSC_IPCBuf.h" />
		<Unit filename="headers/CSC_Lib.h" />
		<Unit filename="headers/CSC_Shm.h" />
		<Unit filename="headers/CSC_Socket.h" />
		<Unit filename="headers/CSC_SpinLock.h" />
		<Unit filename="headers/CSC_TLS.h" />
		<Unit filename="headers/CSC_Threads.h" />
		<Unit filename="headers/dll.h" />
		<Unit filename="ipc-buffer/csc_ipcbuf_p.h" />
		<Unit filename="lib/csc_lib_p.h" />
		<Unit filename="shm/csc_shm_p.h" />
		<Unit filename="socket/csc_socket_p.h" />
		<Unit filename="spinlock/csc_spinlock_p.h" />
		<Unit filename="threads/csc_threads_p.h" />
		<Unit filename="tls/CSC_Free_TLS.c">
			<Option compilerVar="CC" />
		</Unit>
		<Unit filename="tls/CSC_Get_TLS.c">
			<Option compilerVar="CC" />
		</Unit>
		<Unit filename="tls/CSC_New_TLS.c">
			<Option compilerVar="CC" />
		</Unit>
		<Unit filename="tls/CSC_Set_TLS.c">
			<Option compilerVar="CC" />
		</Unit>
		<Unit filename="tls/csc_tls_p.h" />
		<Extensions>
			<code_completion />
			<envvars />
			<debugger />
			<lib_finder disable_auto="1" />
		</Extensions>
	</Project>
</CodeBlocks_project_file>
